PODS:
  - Alamofire (5.5.0)
  - MaterialComponents/AnimationTiming (124.2.0)
  - MaterialComponents/AppBar (124.2.0):
    - MaterialComponents/FlexibleHeader
    - MaterialComponents/HeaderStackView
    - MaterialComponents/NavigationBar
    - MaterialComponents/private/Application
    - MaterialComponents/private/Icons/ic_arrow_back
    - MaterialComponents/private/UIMetrics
    - MaterialComponents/ShadowElevations
    - MaterialComponents/ShadowLayer
    - MaterialComponents/Typography
    - MDFInternationalization
  - MaterialComponents/Availability (124.2.0)
  - MaterialComponents/ButtonBar (124.2.0):
    - MaterialComponents/Buttons
    - MaterialComponents/private/Application
    - MDFInternationalization
  - MaterialComponents/Buttons (124.2.0):
    - MaterialComponents/Elevation
    - MaterialComponents/Ink
    - MaterialComponents/private/Math
    - MaterialComponents/Ripple
    - MaterialComponents/Shadow
    - MaterialComponents/ShadowElevations
    - MaterialComponents/ShadowLayer
    - MaterialComponents/ShapeLibrary
    - MaterialComponents/Shapes
    - MaterialComponents/Typography
    - MDFInternationalization
    - MDFTextAccessibility
  - MaterialComponents/Elevation (124.2.0):
    - MaterialComponents/Availability
    - MaterialComponents/private/Color
    - MaterialComponents/private/Math
  - MaterialComponents/FlexibleHeader (124.2.0):
    - MaterialComponents/Availability
    - MaterialComponents/Elevation
    - "MaterialComponents/FlexibleHeader+ShiftBehavior"
    - "MaterialComponents/FlexibleHeader+ShiftBehaviorEnabledWithStatusBar"
    - MaterialComponents/private/Application
    - MaterialComponents/private/Math
    - MaterialComponents/private/UIMetrics
    - MaterialComponents/ShadowElevations
    - MaterialComponents/ShadowLayer
    - MDFTextAccessibility
  - "MaterialComponents/FlexibleHeader+ShiftBehavior (124.2.0)"
  - "MaterialComponents/FlexibleHeader+ShiftBehaviorEnabledWithStatusBar (124.2.0)":
    - "MaterialComponents/FlexibleHeader+ShiftBehavior"
  - MaterialComponents/HeaderStackView (124.2.0)
  - MaterialComponents/Ink (124.2.0):
    - MaterialComponents/Availability
    - MaterialComponents/private/Color
    - MaterialComponents/private/Math
  - MaterialComponents/NavigationBar (124.2.0):
    - MaterialComponents/ButtonBar
    - MaterialComponents/Elevation
    - MaterialComponents/private/Math
    - MaterialComponents/Typography
    - MDFInternationalization
    - MDFTextAccessibility
  - MaterialComponents/private/Application (124.2.0)
  - MaterialComponents/private/Color (124.2.0):
    - MaterialComponents/Availability
  - MaterialComponents/private/Icons/Base (124.2.0)
  - MaterialComponents/private/Icons/ic_arrow_back (124.2.0):
    - MaterialComponents/private/Icons/Base
  - MaterialComponents/private/Math (124.2.0)
  - MaterialComponents/private/UIMetrics (124.2.0):
    - MaterialComponents/private/Application
  - MaterialComponents/Ripple (124.2.0):
    - MaterialComponents/AnimationTiming
    - MaterialComponents/Availability
    - MaterialComponents/private/Color
    - MaterialComponents/private/Math
  - MaterialComponents/Shadow (124.2.0):
    - MaterialComponents/Availability
  - MaterialComponents/ShadowElevations (124.2.0)
  - MaterialComponents/ShadowLayer (124.2.0):
    - MaterialComponents/ShadowElevations
  - MaterialComponents/ShapeLibrary (124.2.0):
    - MaterialComponents/private/Math
    - MaterialComponents/Shapes
  - MaterialComponents/Shapes (124.2.0):
    - MaterialComponents/private/Color
    - MaterialComponents/private/Math
    - MaterialComponents/ShadowLayer
  - MaterialComponents/Typography (124.2.0):
    - MaterialComponents/private/Application
    - MaterialComponents/private/Math
    - MDFTextAccessibility
  - MDFInternationalization (3.0.0)
  - MDFTextAccessibility (2.0.1)

DEPENDENCIES:
  - Alamofire (~> 5.5)
  - MaterialComponents/AppBar

SPEC REPOS:
  trunk:
    - Alamofire
    - MaterialComponents
    - MDFInternationalization
    - MDFTextAccessibility

SPEC CHECKSUMS:
  Alamofire: 1c4fb5369c3fe93d2857c780d8bbe09f06f97e7c
  MaterialComponents: 1a9b2d9d45b1601ae544de85089adc4c464306d4
  MDFInternationalization: d697c55307816222a55685c4ccb1044ffb030c12
  MDFTextAccessibility: f4bb4cc2194286651b59a215fdeaa0e05dc90ba5

PODFILE CHECKSUM: 2994b566a8e7f3cc0ad3152120ec594fb1f61643

COCOAPODS: 1.11.2
