// !$*UTF8*$!
{
	archiveVersion = 1;
	classes = {
	};
	objectVersion = 55;
	objects = {

/* Begin PBXBuildFile section */
		8D7C6D5D27C77F5D00AB231F /* AppDelegate.swift in Sources */ = {isa = PBXBuildFile; fileRef = 8D7C6D5C27C77F5D00AB231F /* AppDelegate.swift */; };
		8D7C6D5F27C77F5D00AB231F /* SceneDelegate.swift in Sources */ = {isa = PBXBuildFile; fileRef = 8D7C6D5E27C77F5D00AB231F /* SceneDelegate.swift */; };
		8D7C6D6127C77F5D00AB231F /* ViewController.swift in Sources */ = {isa = PBXBuildFile; fileRef = 8D7C6D6027C77F5D00AB231F /* ViewController.swift */; };
		8D7C6D6427C77F5D00AB231F /* Main.storyboard in Resources */ = {isa = PBXBuildFile; fileRef = 8D7C6D6227C77F5D00AB231F /* Main.storyboard */; };
		8D7C6D6627C77F5E00AB231F /* Assets.xcassets in Resources */ = {isa = PBXBuildFile; fileRef = 8D7C6D6527C77F5E00AB231F /* Assets.xcassets */; };
		8D7C6D6927C77F5E00AB231F /* LaunchScreen.storyboard in Resources */ = {isa = PBXBuildFile; fileRef = 8D7C6D6727C77F5E00AB231F /* LaunchScreen.storyboard */; };
		E8F233D68F39488FC33DA00A /* Pods_WebsocketProject.framework in Frameworks */ = {isa = PBXBuildFile; fileRef = 967CF177577F4CF678445928 /* Pods_WebsocketProject.framework */; };
/* End PBXBuildFile section */

/* Begin PBXFileReference section */
		78E79758D4CAD5FCBC52B272 /* Pods-WebsocketProject.debug.xcconfig */ = {isa = PBXFileReference; includeInIndex = 1; lastKnownFileType = text.xcconfig; name = "Pods-WebsocketProject.debug.xcconfig"; path = "Target Support Files/Pods-WebsocketProject/Pods-WebsocketProject.debug.xcconfig"; sourceTree = "<group>"; };
		8D7C6D5927C77F5D00AB231F /* WebsocketProject.app */ = {isa = PBXFileReference; explicitFileType = wrapper.application; includeInIndex = 0; path = WebsocketProject.app; sourceTree = BUILT_PRODUCTS_DIR; };
		8D7C6D5C27C77F5D00AB231F /* AppDelegate.swift */ = {isa = PBXFileReference; lastKnownFileType = sourcecode.swift; path = AppDelegate.swift; sourceTree = "<group>"; };
		8D7C6D5E27C77F5D00AB231F /* SceneDelegate.swift */ = {isa = PBXFileReference; lastKnownFileType = sourcecode.swift; path = SceneDelegate.swift; sourceTree = "<group>"; };
		8D7C6D6027C77F5D00AB231F /* ViewController.swift */ = {isa = PBXFileReference; lastKnownFileType = sourcecode.swift; path = ViewController.swift; sourceTree = "<group>"; };
		8D7C6D6327C77F5D00AB231F /* Base */ = {isa = PBXFileReference; lastKnownFileType = file.storyboard; name = Base; path = Base.lproj/Main.storyboard; sourceTree = "<group>"; };
		8D7C6D6527C77F5E00AB231F /* Assets.xcassets */ = {isa = PBXFileReference; lastKnownFileType = folder.assetcatalog; path = Assets.xcassets; sourceTree = "<group>"; };
		8D7C6D6827C77F5E00AB231F /* Base */ = {isa = PBXFileReference; lastKnownFileType = file.storyboard; name = Base; path = Base.lproj/LaunchScreen.storyboard; sourceTree = "<group>"; };
		8D7C6D6A27C77F5E00AB231F /* Info.plist */ = {isa = PBXFileReference; lastKnownFileType = text.plist.xml; path = Info.plist; sourceTree = "<group>"; };
		967CF177577F4CF678445928 /* Pods_WebsocketProject.framework */ = {isa = PBXFileReference; explicitFileType = wrapper.framework; includeInIndex = 0; path = Pods_WebsocketProject.framework; sourceTree = BUILT_PRODUCTS_DIR; };
		A9DCBC7E9AF41BB58098FE66 /* Pods-WebsocketProject.release.xcconfig */ = {isa = PBXFileReference; includeInIndex = 1; lastKnownFileType = text.xcconfig; name = "Pods-WebsocketProject.release.xcconfig"; path = "Target Support Files/Pods-WebsocketProject/Pods-WebsocketProject.release.xcconfig"; sourceTree = "<group>"; };
/* End PBXFileReference section */

/* Begin PBXFrameworksBuildPhase section */
		8D7C6D5627C77F5D00AB231F /* Frameworks */ = {
			isa = PBXFrameworksBuildPhase;
			buildActionMask = 2147483647;
			files = (
				E8F233D68F39488FC33DA00A /* Pods_WebsocketProject.framework in Frameworks */,
			);
			runOnlyForDeploymentPostprocessing = 0;
		};
/* End PBXFrameworksBuildPhase section */

/* Begin PBXGroup section */
		8D7C6D5027C77F5D00AB231F = {
			isa = PBXGroup;
			children = (
				8D7C6D5B27C77F5D00AB231F /* WebsocketProject */,
				8D7C6D5A27C77F5D00AB231F /* Products */,
				DDD3BC18363A508B4EFABEC4 /* Pods */,
				F22136396D76F8576BA19588 /* Frameworks */,
			);
			sourceTree = "<group>";
		};
		8D7C6D5A27C77F5D00AB231F /* Products */ = {
			isa = PBXGroup;
			children = (
				8D7C6D5927C77F5D00AB231F /* WebsocketProject.app */,
			);
			name = Products;
			sourceTree = "<group>";
		};
		8D7C6D5B27C77F5D00AB231F /* WebsocketProject */ = {
			isa = PBXGroup;
			children = (
				8D7C6D5C27C77F5D00AB231F /* AppDelegate.swift */,
				8D7C6D5E27C77F5D00AB231F /* SceneDelegate.swift */,
				8D7C6D6027C77F5D00AB231F /* ViewController.swift */,
				8D7C6D6227C77F5D00AB231F /* Main.storyboard */,
				8D7C6D6527C77F5E00AB231F /* Assets.xcassets */,
				8D7C6D6727C77F5E00AB231F /* LaunchScreen.storyboard */,
				8D7C6D6A27C77F5E00AB231F /* Info.plist */,
			);
			path = WebsocketProject;
			sourceTree = "<group>";
		};
		DDD3BC18363A508B4EFABEC4 /* Pods */ = {
			isa = PBXGroup;
			children = (
				78E79758D4CAD5FCBC52B272 /* Pods-WebsocketProject.debug.xcconfig */,
				A9DCBC7E9AF41BB58098FE66 /* Pods-WebsocketProject.release.xcconfig */,
			);
			name = Pods;
			path = Pods;
			sourceTree = "<group>";
		};
		F22136396D76F8576BA19588 /* Frameworks */ = {
			isa = PBXGroup;
			children = (
				967CF177577F4CF678445928 /* Pods_WebsocketProject.framework */,
			);
			name = Frameworks;
			sourceTree = "<group>";
		};
/* End PBXGroup section */

/* Begin PBXNativeTarget section */
		8D7C6D5827C77F5D00AB231F /* WebsocketProject */ = {
			isa = PBXNativeTarget;
			buildConfigurationList = 8D7C6D6D27C77F5E00AB231F /* Build configuration list for PBXNativeTarget "WebsocketProject" */;
			buildPhases = (
				E3783D0A2A9BB1F17A0A9271 /* [CP] Check Pods Manifest.lock */,
				8D7C6D5527C77F5D00AB231F /* Sources */,
				8D7C6D5627C77F5D00AB231F /* Frameworks */,
				8D7C6D5727C77F5D00AB231F /* Resources */,
				80381FF13D8E715F7CDC74D8 /* [CP] Embed Pods Frameworks */,
			);
			buildRules = (
			);
			dependencies = (
			);
			name = WebsocketProject;
			productName = WebsocketProject;
			productReference = 8D7C6D5927C77F5D00AB231F /* WebsocketProject.app */;
			productType = "com.apple.product-type.application";
		};
/* End PBXNativeTarget section */

/* Begin PBXProject section */
		8D7C6D5127C77F5D00AB231F /* Project object */ = {
			isa = PBXProject;
			attributes = {
				BuildIndependentTargetsInParallel = 1;
				LastSwiftUpdateCheck = 1320;
				LastUpgradeCheck = 1320;
				TargetAttributes = {
					8D7C6D5827C77F5D00AB231F = {
						CreatedOnToolsVersion = 13.2.1;
					};
				};
			};
			buildConfigurationList = 8D7C6D5427C77F5D00AB231F /* Build configuration list for PBXProject "WebsocketProject" */;
			compatibilityVersion = "Xcode 13.0";
			developmentRegion = en;
			hasScannedForEncodings = 0;
			knownRegions = (
				en,
				Base,
			);
			mainGroup = 8D7C6D5027C77F5D00AB231F;
			productRefGroup = 8D7C6D5A27C77F5D00AB231F /* Products */;
			projectDirPath = "";
			projectRoot = "";
			targets = (
				8D7C6D5827C77F5D00AB231F /* WebsocketProject */,
			);
		};
/* End PBXProject section */

/* Begin PBXResourcesBuildPhase section */
		8D7C6D5727C77F5D00AB231F /* Resources */ = {
			isa = PBXResourcesBuildPhase;
			buildActionMask = 2147483647;
			files = (
				8D7C6D6927C77F5E00AB231F /* LaunchScreen.storyboard in Resources */,
				8D7C6D6627C77F5E00AB231F /* Assets.xcassets in Resources */,
				8D7C6D6427C77F5D00AB231F /* Main.storyboard in Resources */,
			);
			runOnlyForDeploymentPostprocessing = 0;
		};
/* End PBXResourcesBuildPhase section */

/* Begin PBXShellScriptBuildPhase section */
		80381FF13D8E715F7CDC74D8 /* [CP] Embed Pods Frameworks */ = {
			isa = PBXShellScriptBuildPhase;
			buildActionMask = 2147483647;
			files = (
			);
			inputFileListPaths = (
				"${PODS_ROOT}/Target Support Files/Pods-WebsocketProject/Pods-WebsocketProject-frameworks-${CONFIGURATION}-input-files.xcfilelist",
			);
			name = "[CP] Embed Pods Frameworks";
			outputFileListPaths = (
				"${PODS_ROOT}/Target Support Files/Pods-WebsocketProject/Pods-WebsocketProject-frameworks-${CONFIGURATION}-output-files.xcfilelist",
			);
			runOnlyForDeploymentPostprocessing = 0;
			shellPath = /bin/sh;
			shellScript = "\"${PODS_ROOT}/Target Support Files/Pods-WebsocketProject/Pods-WebsocketProject-frameworks.sh\"\n";
			showEnvVarsInLog = 0;
		};
		E3783D0A2A9BB1F17A0A9271 /* [CP] Check Pods Manifest.lock */ = {
			isa = PBXShellScriptBuildPhase;
			buildActionMask = 2147483647;
			files = (
			);
			inputFileListPaths = (
			);
			inputPaths = (
				"${PODS_PODFILE_DIR_PATH}/Podfile.lock",
				"${PODS_ROOT}/Manifest.lock",
			);
			name = "[CP] Check Pods Manifest.lock";
			outputFileListPaths = (
			);
			outputPaths = (
				"$(DERIVED_FILE_DIR)/Pods-WebsocketProject-checkManifestLockResult.txt",
			);
			runOnlyForDeploymentPostprocessing = 0;
			shellPath = /bin/sh;
			shellScript = "diff \"${PODS_PODFILE_DIR_PATH}/Podfile.lock\" \"${PODS_ROOT}/Manifest.lock\" > /dev/null\nif [ $? != 0 ] ; then\n    # print error to STDERR\n    echo \"error: The sandbox is not in sync with the Podfile.lock. Run 'pod install' or update your CocoaPods installation.\" >&2\n    exit 1\nfi\n# This output is used by Xcode 'outputs' to avoid re-running this script phase.\necho \"SUCCESS\" > \"${SCRIPT_OUTPUT_FILE_0}\"\n";
			showEnvVarsInLog = 0;
		};
/* End PBXShellScriptBuildPhase section */

/* Begin PBXSourcesBuildPhase section */
		8D7C6D5527C77F5D00AB231F /* Sources */ = {
			isa = PBXSourcesBuildPhase;
			buildActionMask = 2147483647;
			files = (
				8D7C6D6127C77F5D00AB231F /* ViewController.swift in Sources */,
				8D7C6D5D27C77F5D00AB231F /* AppDelegate.swift in Sources */,
				8D7C6D5F27C77F5D00AB231F /* SceneDelegate.swift in Sources */,
			);
			runOnlyForDeploymentPostprocessing = 0;
		};
/* End PBXSourcesBuildPhase section */

/* Begin PBXVariantGroup section */
		8D7C6D6227C77F5D00AB231F /* Main.storyboard */ = {
			isa = PBXVariantGroup;
			children = (
				8D7C6D6327C77F5D00AB231F /* Base */,
			);
			name = Main.storyboard;
			sourceTree = "<group>";
		};
		8D7C6D6727C77F5E00AB231F /* LaunchScreen.storyboard */ = {
			isa = PBXVariantGroup;
			children = (
				8D7C6D6827C77F5E00AB231F /* Base */,
			);
			name = LaunchScreen.storyboard;
			sourceTree = "<group>";
		};
/* End PBXVariantGroup section */

/* Begin XCBuildConfiguration section */
		8D7C6D6B27C77F5E00AB231F /* Debug */ = {
			isa = XCBuildConfiguration;
			buildSettings = {
				ALWAYS_SEARCH_USER_PATHS = NO;
				CLANG_ANALYZER_NONNULL = YES;
				CLANG_ANALYZER_NUMBER_OBJECT_CONVERSION = YES_AGGRESSIVE;
				CLANG_CXX_LANGUAGE_STANDARD = "gnu++17";
				CLANG_CXX_LIBRARY = "libc++";
				CLANG_ENABLE_MODULES = YES;
				CLANG_ENABLE_OBJC_ARC = YES;
				CLANG_ENABLE_OBJC_WEAK = YES;
				CLANG_WARN_BLOCK_CAPTURE_AUTORELEASING = YES;
				CLANG_WARN_BOOL_CONVERSION = YES;
				CLANG_WARN_COMMA = YES;
				CLANG_WARN_CONSTANT_CONVERSION = YES;
				CLANG_WARN_DEPRECATED_OBJC_IMPLEMENTATIONS = YES;
				CLANG_WARN_DIRECT_OBJC_ISA_USAGE = YES_ERROR;
				CLANG_WARN_DOCUMENTATION_COMMENTS = YES;
				CLANG_WARN_EMPTY_BODY = YES;
				CLANG_WARN_ENUM_CONVERSION = YES;
				CLANG_WARN_INFINITE_RECURSION = YES;
				CLANG_WARN_INT_CONVERSION = YES;
				CLANG_WARN_NON_LITERAL_NULL_CONVERSION = YES;
				CLANG_WARN_OBJC_IMPLICIT_RETAIN_SELF = YES;
				CLANG_WARN_OBJC_LITERAL_CONVERSION = YES;
				CLANG_WARN_OBJC_ROOT_CLASS = YES_ERROR;
				CLANG_WARN_QUOTED_INCLUDE_IN_FRAMEWORK_HEADER = YES;
				CLANG_WARN_RANGE_LOOP_ANALYSIS = YES;
				CLANG_WARN_STRICT_PROTOTYPES = YES;
				CLANG_WARN_SUSPICIOUS_MOVE = YES;
				CLANG_WARN_UNGUARDED_AVAILABILITY = YES_AGGRESSIVE;
				CLANG_WARN_UNREACHABLE_CODE = YES;
				CLANG_WARN__DUPLICATE_METHOD_MATCH = YES;
				COPY_PHASE_STRIP = NO;
				DEBUG_INFORMATION_FORMAT = dwarf;
				ENABLE_STRICT_OBJC_MSGSEND = YES;
				ENABLE_TESTABILITY = YES;
				GCC_C_LANGUAGE_STANDARD = gnu11;
				GCC_DYNAMIC_NO_PIC = NO;
				GCC_NO_COMMON_BLOCKS = YES;
				GCC_OPTIMIZATION_LEVEL = 0;
				GCC_PREPROCESSOR_DEFINITIONS = (
					"DEBUG=1",
					"$(inherited)",
				);
				GCC_WARN_64_TO_32_BIT_CONVERSION = YES;
				GCC_WARN_ABOUT_RETURN_TYPE = YES_ERROR;
				GCC_WARN_UNDECLARED_SELECTOR = YES;
				GCC_WARN_UNINITIALIZED_AUTOS = YES_AGGRESSIVE;
				GCC_WARN_UNUSED_FUNCTION = YES;
				GCC_WARN_UNUSED_VARIABLE = YES;
				IPHONEOS_DEPLOYMENT_TARGET = 15.2;
				MTL_ENABLE_DEBUG_INFO = INCLUDE_SOURCE;
				MTL_FAST_MATH = YES;
				ONLY_ACTIVE_ARCH = YES;
				SDKROOT = iphoneos;
				SWIFT_ACTIVE_COMPILATION_CONDITIONS = DEBUG;
				SWIFT_OPTIMIZATION_LEVEL = "-Onone";
			};
			name = Debug;
		};
		8D7C6D6C27C77F5E00AB231F /* Release */ = {
			isa = XCBuildConfiguration;
			buildSettings = {
				ALWAYS_SEARCH_USER_PATHS = NO;
				CLANG_ANALYZER_NONNULL = YES;
				CLANG_ANALYZER_NUMBER_OBJECT_CONVERSION = YES_AGGRESSIVE;
				CLANG_CXX_LANGUAGE_STANDARD = "gnu++17";
				CLANG_CXX_LIBRARY = "libc++";
				CLANG_ENABLE_MODULES = YES;
				CLANG_ENABLE_OBJC_ARC = YES;
				CLANG_ENABLE_OBJC_WEAK = YES;
				CLANG_WARN_BLOCK_CAPTURE_AUTORELEASING = YES;
				CLANG_WARN_BOOL_CONVERSION = YES;
				CLANG_WARN_COMMA = YES;
				CLANG_WARN_CONSTANT_CONVERSION = YES;
				CLANG_WARN_DEPRECATED_OBJC_IMPLEMENTATIONS = YES;
				CLANG_WARN_DIRECT_OBJC_ISA_USAGE = YES_ERROR;
				CLANG_WARN_DOCUMENTATION_COMMENTS = YES;
				CLANG_WARN_EMPTY_BODY = YES;
				CLANG_WARN_ENUM_CONVERSION = YES;
				CLANG_WARN_INFINITE_RECURSION = YES;
				CLANG_WARN_INT_CONVERSION = YES;
				CLANG_WARN_NON_LITERAL_NULL_CONVERSION = YES;
				CLANG_WARN_OBJC_IMPLICIT_RETAIN_SELF = YES;
				CLANG_WARN_OBJC_LITERAL_CONVERSION = YES;
				CLANG_WARN_OBJC_ROOT_CLASS = YES_ERROR;
				CLANG_WARN_QUOTED_INCLUDE_IN_FRAMEWORK_HEADER = YES;
				CLANG_WARN_RANGE_LOOP_ANALYSIS = YES;
				CLANG_WARN_STRICT_PROTOTYPES = YES;
				CLANG_WARN_SUSPICIOUS_MOVE = YES;
				CLANG_WARN_UNGUARDED_AVAILABILITY = YES_AGGRESSIVE;
				CLANG_WARN_UNREACHABLE_CODE = YES;
				CLANG_WARN__DUPLICATE_METHOD_MATCH = YES;
				COPY_PHASE_STRIP = NO;
				DEBUG_INFORMATION_FORMAT = "dwarf-with-dsym";
				ENABLE_NS_ASSERTIONS = NO;
				ENABLE_STRICT_OBJC_MSGSEND = YES;
				GCC_C_LANGUAGE_STANDARD = gnu11;
				GCC_NO_COMMON_BLOCKS = YES;
				GCC_WARN_64_TO_32_BIT_CONVERSION = YES;
				GCC_WARN_ABOUT_RETURN_TYPE = YES_ERROR;
				GCC_WARN_UNDECLARED_SELECTOR = YES;
				GCC_WARN_UNINITIALIZED_AUTOS = YES_AGGRESSIVE;
				GCC_WARN_UNUSED_FUNCTION = YES;
				GCC_WARN_UNUSED_VARIABLE = YES;
				IPHONEOS_DEPLOYMENT_TARGET = 15.2;
				MTL_ENABLE_DEBUG_INFO = NO;
				MTL_FAST_MATH = YES;
				SDKROOT = iphoneos;
				SWIFT_COMPILATION_MODE = wholemodule;
				SWIFT_OPTIMIZATION_LEVEL = "-O";
				VALIDATE_PRODUCT = YES;
			};
			name = Release;
		};
		8D7C6D6E27C77F5E00AB231F /* Debug */ = {
			isa = XCBuildConfiguration;
			baseConfigurationReference = 78E79758D4CAD5FCBC52B272 /* Pods-WebsocketProject.debug.xcconfig */;
			buildSettings = {
				ASSETCATALOG_COMPILER_APPICON_NAME = AppIcon;
				ASSETCATALOG_COMPILER_GLOBAL_ACCENT_COLOR_NAME = AccentColor;
				CODE_SIGN_STYLE = Automatic;
				CURRENT_PROJECT_VERSION = 1;
				DEVELOPMENT_TEAM = RMFRRSQ9CJ;
				GENERATE_INFOPLIST_FILE = YES;
				INFOPLIST_FILE = WebsocketProject/Info.plist;
				INFOPLIST_KEY_UIApplicationSupportsIndirectInputEvents = YES;
				INFOPLIST_KEY_UILaunchStoryboardName = LaunchScreen;
				INFOPLIST_KEY_UIMainStoryboardFile = Main;
				INFOPLIST_KEY_UISupportedInterfaceOrientations_iPad = "UIInterfaceOrientationPortrait UIInterfaceOrientationPortraitUpsideDown UIInterfaceOrientationLandscapeLeft UIInterfaceOrientationLandscapeRight";
				INFOPLIST_KEY_UISupportedInterfaceOrientations_iPhone = "UIInterfaceOrientationPortrait UIInterfaceOrientationLandscapeLeft UIInterfaceOrientationLandscapeRight";
				LD_RUNPATH_SEARCH_PATHS = (
					"$(inherited)",
					"@executable_path/Frameworks",
				);
				MARKETING_VERSION = 1.0;
				PRODUCT_BUNDLE_IDENTIFIER = yuhsuan.WebsocketProject;
				PRODUCT_NAME = "$(TARGET_NAME)";
				SWIFT_EMIT_LOC_STRINGS = YES;
				SWIFT_VERSION = 5.0;
				TARGETED_DEVICE_FAMILY = "1,2";
			};
			name = Debug;
		};
		8D7C6D6F27C77F5E00AB231F /* Release */ = {
			isa = XCBuildConfiguration;
			baseConfigurationReference = A9DCBC7E9AF41BB58098FE66 /* Pods-WebsocketProject.release.xcconfig */;
			buildSettings = {
				ASSETCATALOG_COMPILER_APPICON_NAME = AppIcon;
				ASSETCATALOG_COMPILER_GLOBAL_ACCENT_COLOR_NAME = AccentColor;
				CODE_SIGN_STYLE = Automatic;
				CURRENT_PROJECT_VERSION = 1;
				DEVELOPMENT_TEAM = RMFRRSQ9CJ;
				GENERATE_INFOPLIST_FILE = YES;
				INFOPLIST_FILE = WebsocketProject/Info.plist;
				INFOPLIST_KEY_UIApplicationSupportsIndirectInputEvents = YES;
				INFOPLIST_KEY_UILaunchStoryboardName = LaunchScreen;
				INFOPLIST_KEY_UIMainStoryboardFile = Main;
				INFOPLIST_KEY_UISupportedInterfaceOrientations_iPad = "UIInterfaceOrientationPortrait UIInterfaceOrientationPortraitUpsideDown UIInterfaceOrientationLandscapeLeft UIInterfaceOrientationLandscapeRight";
				INFOPLIST_KEY_UISupportedInterfaceOrientations_iPhone = "UIInterfaceOrientationPortrait UIInterfaceOrientationLandscapeLeft UIInterfaceOrientationLandscapeRight";
				LD_RUNPATH_SEARCH_PATHS = (
					"$(inherited)",
					"@executable_path/Frameworks",
				);
				MARKETING_VERSION = 1.0;
				PRODUCT_BUNDLE_IDENTIFIER = yuhsuan.WebsocketProject;
				PRODUCT_NAME = "$(TARGET_NAME)";
				SWIFT_EMIT_LOC_STRINGS = YES;
				SWIFT_VERSION = 5.0;
				TARGETED_DEVICE_FAMILY = "1,2";
			};
			name = Release;
		};
/* End XCBuildConfiguration section */

/* Begin XCConfigurationList section */
		8D7C6D5427C77F5D00AB231F /* Build configuration list for PBXProject "WebsocketProject" */ = {
			isa = XCConfigurationList;
			buildConfigurations = (
				8D7C6D6B27C77F5E00AB231F /* Debug */,
				8D7C6D6C27C77F5E00AB231F /* Release */,
			);
			defaultConfigurationIsVisible = 0;
			defaultConfigurationName = Release;
		};
		8D7C6D6D27C77F5E00AB231F /* Build configuration list for PBXNativeTarget "WebsocketProject" */ = {
			isa = XCConfigurationList;
			buildConfigurations = (
				8D7C6D6E27C77F5E00AB231F /* Debug */,
				8D7C6D6F27C77F5E00AB231F /* Release */,
			);
			defaultConfigurationIsVisible = 0;
			defaultConfigurationName = Release;
		};
/* End XCConfigurationList section */
	};
	rootObject = 8D7C6D5127C77F5D00AB231F /* Project object */;
}
